
Microsoft Visual Studio Solution File, Format Version 12.00
# Visual Studio Version 16
VisualStudioVersion = 16.0.29709.97
MinimumVisualStudioVersion = 10.0.40219.1
Project("{9A19103F-16F7-4668-BE54-9A1E7A4F7556}") = "ShopBridge.API", "WebApplication1\ShopBridge.API.csproj", "{9EF70485-C01F-4E65-8A00-5C99074F9DF3}"
EndProject
Project("{9A19103F-16F7-4668-BE54-9A1E7A4F7556}") = "ShopBridge.Data", "DataLayer\ShopBridge.Data.csproj", "{2E2DB1BF-3B0B-45E6-8EE9-F858FC4A68CA}"
EndProject
Global
	GlobalSection(SolutionConfigurationPlatforms) = preSolution
		Debug|Any CPU = Debug|Any CPU
		Release|Any CPU = Release|Any CPU
	EndGlobalSection
	GlobalSection(ProjectConfigurationPlatforms) = postSolution
		{9EF70485-C01F-4E65-8A00-5C99074F9DF3}.Debug|Any CPU.ActiveCfg = Debug|Any CPU
		{9EF70485-C01F-4E65-8A00-5C99074F9DF3}.Debug|Any CPU.Build.0 = Debug|Any CPU
		{9EF70485-C01F-4E65-8A00-5C99074F9DF3}.Release|Any CPU.ActiveCfg = Release|Any CPU
		{9EF70485-C01F-4E65-8A00-5C99074F9DF3}.Release|Any CPU.Build.0 = Release|Any CPU
		{2E2DB1BF-3B0B-45E6-8EE9-F858FC4A68CA}.Debug|Any CPU.ActiveCfg = Debug|Any CPU
		{2E2DB1BF-3B0B-45E6-8EE9-F858FC4A68CA}.Debug|Any CPU.Build.0 = Debug|Any CPU
		{2E2DB1BF-3B0B-45E6-8EE9-F858FC4A68CA}.Release|Any CPU.ActiveCfg = Release|Any CPU
		{2E2DB1BF-3B0B-45E6-8EE9-F858FC4A68CA}.Release|Any CPU.Build.0 = Release|Any CPU
	EndGlobalSection
	GlobalSection(SolutionProperties) = preSolution
		HideSolutionNode = FALSE
	EndGlobalSection
	GlobalSection(ExtensibilityGlobals) = postSolution
		SolutionGuid = {8C2CC2BF-DECB-457E-B835-04BAA00B1AC8}
	EndGlobalSection
EndGlobal
